// !$*UTF8*$!
{
	archiveVersion = 1;
	classes = {
	};
	objectVersion = 46;
	objects = {

/* Begin PBXBuildFile section */
		EB1241531F206C990048DA21 /* Meme.swift in Sources */ = {isa = PBXBuildFile; fileRef = EB1241521F206C990048DA21 /* Meme.swift */; };
		EB4AA6551F23516B00CF5A96 /* MemeTableViewController.swift in Sources */ = {isa = PBXBuildFile; fileRef = EB4AA6541F23516B00CF5A96 /* MemeTableViewController.swift */; };
		EB4AA6571F23525F00CF5A96 /* MemeDetailController.swift in Sources */ = {isa = PBXBuildFile; fileRef = EB4AA6561F23525F00CF5A96 /* MemeDetailController.swift */; };
		EB925E381F24796E0070120D /* MemeCollectionViewCell.swift in Sources */ = {isa = PBXBuildFile; fileRef = EB925E371F24796E0070120D /* MemeCollectionViewCell.swift */; };
		EB925E3A1F247AA00070120D /* MemeCollectionViewController.swift in Sources */ = {isa = PBXBuildFile; fileRef = EB925E391F247AA00070120D /* MemeCollectionViewController.swift */; };
		EBF82ABF1F1F38EF00548CCB /* AppDelegate.swift in Sources */ = {isa = PBXBuildFile; fileRef = EBF82ABE1F1F38EF00548CCB /* AppDelegate.swift */; };
		EBF82AC11F1F38EF00548CCB /* MemeEditorViewController.swift in Sources */ = {isa = PBXBuildFile; fileRef = EBF82AC01F1F38EF00548CCB /* MemeEditorViewController.swift */; };
		EBF82AC41F1F38EF00548CCB /* Main.storyboard in Resources */ = {isa = PBXBuildFile; fileRef = EBF82AC21F1F38EF00548CCB /* Main.storyboard */; };
		EBF82AC61F1F38EF00548CCB /* Assets.xcassets in Resources */ = {isa = PBXBuildFile; fileRef = EBF82AC51F1F38EF00548CCB /* Assets.xcassets */; };
		EBF82AC91F1F38EF00548CCB /* LaunchScreen.storyboard in Resources */ = {isa = PBXBuildFile; fileRef = EBF82AC71F1F38EF00548CCB /* LaunchScreen.storyboard */; };
/* End PBXBuildFile section */

/* Begin PBXFileReference section */
		EB1241521F206C990048DA21 /* Meme.swift */ = {isa = PBXFileReference; fileEncoding = 4; lastKnownFileType = sourcecode.swift; path = Meme.swift; sourceTree = "<group>"; };
		EB4AA6541F23516B00CF5A96 /* MemeTableViewController.swift */ = {isa = PBXFileReference; fileEncoding = 4; lastKnownFileType = sourcecode.swift; path = MemeTableViewController.swift; sourceTree = "<group>"; };
		EB4AA6561F23525F00CF5A96 /* MemeDetailController.swift */ = {isa = PBXFileReference; fileEncoding = 4; lastKnownFileType = sourcecode.swift; name = MemeDetailController.swift; path = ../MemeDetailController.swift; sourceTree = "<group>"; };
		EB925E371F24796E0070120D /* MemeCollectionViewCell.swift */ = {isa = PBXFileReference; fileEncoding = 4; lastKnownFileType = sourcecode.swift; path = MemeCollectionViewCell.swift; sourceTree = "<group>"; };
		EB925E391F247AA00070120D /* MemeCollectionViewController.swift */ = {isa = PBXFileReference; fileEncoding = 4; lastKnownFileType = sourcecode.swift; path = MemeCollectionViewController.swift; sourceTree = "<group>"; };
		EBF82ABB1F1F38EF00548CCB /* MyMemeMe.app */ = {isa = PBXFileReference; explicitFileType = wrapper.application; includeInIndex = 0; path = MyMemeMe.app; sourceTree = BUILT_PRODUCTS_DIR; };
		EBF82ABE1F1F38EF00548CCB /* AppDelegate.swift */ = {isa = PBXFileReference; lastKnownFileType = sourcecode.swift; path = AppDelegate.swift; sourceTree = "<group>"; };
		EBF82AC01F1F38EF00548CCB /* MemeEditorViewController.swift */ = {isa = PBXFileReference; lastKnownFileType = sourcecode.swift; path = MemeEditorViewController.swift; sourceTree = "<group>"; };
		EBF82AC31F1F38EF00548CCB /* Base */ = {isa = PBXFileReference; lastKnownFileType = file.storyboard; name = Base; path = Base.lproj/Main.storyboard; sourceTree = "<group>"; };
		EBF82AC51F1F38EF00548CCB /* Assets.xcassets */ = {isa = PBXFileReference; lastKnownFileType = folder.assetcatalog; path = Assets.xcassets; sourceTree = "<group>"; };
		EBF82AC81F1F38EF00548CCB /* Base */ = {isa = PBXFileReference; lastKnownFileType = file.storyboard; name = Base; path = Base.lproj/LaunchScreen.storyboard; sourceTree = "<group>"; };
		EBF82ACA1F1F38EF00548CCB /* Info.plist */ = {isa = PBXFileReference; lastKnownFileType = text.plist.xml; path = Info.plist; sourceTree = "<group>"; };
/* End PBXFileReference section */

/* Begin PBXFrameworksBuildPhase section */
		EBF82AB81F1F38EF00548CCB /* Frameworks */ = {
			isa = PBXFrameworksBuildPhase;
			buildActionMask = 2147483647;
			files = (
			);
			runOnlyForDeploymentPostprocessing = 0;
		};
/* End PBXFrameworksBuildPhase section */

/* Begin PBXGroup section */
		EBF82AB21F1F38EF00548CCB = {
			isa = PBXGroup;
			children = (
				EBF82ABD1F1F38EF00548CCB /* MyMemeMe */,
				EBF82ABC1F1F38EF00548CCB /* Products */,
			);
			sourceTree = "<group>";
		};
		EBF82ABC1F1F38EF00548CCB /* Products */ = {
			isa = PBXGroup;
			children = (
				EBF82ABB1F1F38EF00548CCB /* MyMemeMe.app */,
			);
			name = Products;
			sourceTree = "<group>";
		};
		EBF82ABD1F1F38EF00548CCB /* MyMemeMe */ = {
			isa = PBXGroup;
			children = (
				EBF82ABE1F1F38EF00548CCB /* AppDelegate.swift */,
				EBF82AC01F1F38EF00548CCB /* MemeEditorViewController.swift */,
				EB4AA6541F23516B00CF5A96 /* MemeTableViewController.swift */,
				EB4AA6561F23525F00CF5A96 /* MemeDetailController.swift */,
				EB925E391F247AA00070120D /* MemeCollectionViewController.swift */,
				EB925E371F24796E0070120D /* MemeCollectionViewCell.swift */,
				EBF82AC21F1F38EF00548CCB /* Main.storyboard */,
				EBF82AC51F1F38EF00548CCB /* Assets.xcassets */,
				EBF82AC71F1F38EF00548CCB /* LaunchScreen.storyboard */,
				EBF82ACA1F1F38EF00548CCB /* Info.plist */,
				EB1241521F206C990048DA21 /* Meme.swift */,
			);
			path = MyMemeMe;
			sourceTree = "<group>";
		};
/* End PBXGroup section */

/* Begin PBXNativeTarget section */
		EBF82ABA1F1F38EF00548CCB /* MyMemeMe */ = {
			isa = PBXNativeTarget;
			buildConfigurationList = EBF82ACD1F1F38EF00548CCB /* Build configuration list for PBXNativeTarget "MyMemeMe" */;
			buildPhases = (
				EBF82AB71F1F38EF00548CCB /* Sources */,
				EBF82AB81F1F38EF00548CCB /* Frameworks */,
				EBF82AB91F1F38EF00548CCB /* Resources */,
			);
			buildRules = (
			);
			dependencies = (
			);
			name = MyMemeMe;
			productName = MyMemeMe;
			productReference = EBF82ABB1F1F38EF00548CCB /* MyMemeMe.app */;
			productType = "com.apple.product-type.application";
		};
/* End PBXNativeTarget section */

/* Begin PBXProject section */
		EBF82AB31F1F38EF00548CCB /* Project object */ = {
			isa = PBXProject;
			attributes = {
				LastSwiftUpdateCheck = 0830;
				LastUpgradeCheck = 0830;
				ORGANIZATIONNAME = Dev66;
				TargetAttributes = {
					EBF82ABA1F1F38EF00548CCB = {
						CreatedOnToolsVersion = 8.3.3;
						DevelopmentTeam = M59J93TWU7;
						ProvisioningStyle = Automatic;
					};
				};
			};
			buildConfigurationList = EBF82AB61F1F38EF00548CCB /* Build configuration list for PBXProject "MyMemeMe" */;
			compatibilityVersion = "Xcode 3.2";
			developmentRegion = English;
			hasScannedForEncodings = 0;
			knownRegions = (
				en,
				Base,
			);
			mainGroup = EBF82AB21F1F38EF00548CCB;
			productRefGroup = EBF82ABC1F1F38EF00548CCB /* Products */;
			projectDirPath = "";
			projectRoot = "";
			targets = (
				EBF82ABA1F1F38EF00548CCB /* MyMemeMe */,
			);
		};
/* End PBXProject section */

/* Begin PBXResourcesBuildPhase section */
		EBF82AB91F1F38EF00548CCB /* Resources */ = {
			isa = PBXResourcesBuildPhase;
			buildActionMask = 2147483647;
			files = (
				EBF82AC91F1F38EF00548CCB /* LaunchScreen.storyboard in Resources */,
				EBF82AC61F1F38EF00548CCB /* Assets.xcassets in Resources */,
				EBF82AC41F1F38EF00548CCB /* Main.storyboard in Resources */,
			);
			runOnlyForDeploymentPostprocessing = 0;
		};
/* End PBXResourcesBuildPhase section */

/* Begin PBXSourcesBuildPhase section */
		EBF82AB71F1F38EF00548CCB /* Sources */ = {
			isa = PBXSourcesBuildPhase;
			buildActionMask = 2147483647;
			files = (
				EB1241531F206C990048DA21 /* Meme.swift in Sources */,
				EB4AA6571F23525F00CF5A96 /* MemeDetailController.swift in Sources */,
				EBF82AC11F1F38EF00548CCB /* MemeEditorViewController.swift in Sources */,
				EBF82ABF1F1F38EF00548CCB /* AppDelegate.swift in Sources */,
				EB925E3A1F247AA00070120D /* MemeCollectionViewController.swift in Sources */,
				EB925E381F24796E0070120D /* MemeCollectionViewCell.swift in Sources */,
				EB4AA6551F23516B00CF5A96 /* MemeTableViewController.swift in Sources */,
			);
			runOnlyForDeploymentPostprocessing = 0;
		};
/* End PBXSourcesBuildPhase section */

/* Begin PBXVariantGroup section */
		EBF82AC21F1F38EF00548CCB /* Main.storyboard */ = {
			isa = PBXVariantGroup;
			children = (
				EBF82AC31F1F38EF00548CCB /* Base */,
			);
			name = Main.storyboard;
			sourceTree = "<group>";
		};
		EBF82AC71F1F38EF00548CCB /* LaunchScreen.storyboard */ = {
			isa = PBXVariantGroup;
			children = (
				EBF82AC81F1F38EF00548CCB /* Base */,
			);
			name = LaunchScreen.storyboard;
			sourceTree = "<group>";
		};
/* End PBXVariantGroup section */

/* Begin XCBuildConfiguration section */
		EBF82ACB1F1F38EF00548CCB /* Debug */ = {
			isa = XCBuildConfiguration;
			buildSettings = {
				ALWAYS_SEARCH_USER_PATHS = NO;
				CLANG_ANALYZER_NONNULL = YES;
				CLANG_ANALYZER_NUMBER_OBJECT_CONVERSION = YES_AGGRESSIVE;
				CLANG_CXX_LANGUAGE_STANDARD = "gnu++0x";
				CLANG_CXX_LIBRARY = "libc++";
				CLANG_ENABLE_MODULES = YES;
				CLANG_ENABLE_OBJC_ARC = YES;
				CLANG_WARN_BOOL_CONVERSION = YES;
				CLANG_WARN_CONSTANT_CONVERSION = YES;
				CLANG_WARN_DIRECT_OBJC_ISA_USAGE = YES_ERROR;
				CLANG_WARN_DOCUMENTATION_COMMENTS = YES;
				CLANG_WARN_EMPTY_BODY = YES;
				CLANG_WARN_ENUM_CONVERSION = YES;
				CLANG_WARN_INFINITE_RECURSION = YES;
				CLANG_WARN_INT_CONVERSION = YES;
				CLANG_WARN_OBJC_ROOT_CLASS = YES_ERROR;
				CLANG_WARN_SUSPICIOUS_MOVE = YES;
				CLANG_WARN_UNREACHABLE_CODE = YES;
				CLANG_WARN__DUPLICATE_METHOD_MATCH = YES;
				"CODE_SIGN_IDENTITY[sdk=iphoneos*]" = "iPhone Developer";
				COPY_PHASE_STRIP = NO;
				DEBUG_INFORMATION_FORMAT = dwarf;
				ENABLE_STRICT_OBJC_MSGSEND = YES;
				ENABLE_TESTABILITY = YES;
				GCC_C_LANGUAGE_STANDARD = gnu99;
				GCC_DYNAMIC_NO_PIC = NO;
				GCC_NO_COMMON_BLOCKS = YES;
				GCC_OPTIMIZATION_LEVEL = 0;
				GCC_PREPROCESSOR_DEFINITIONS = (
					"DEBUG=1",
					"$(inherited)",
				);
				GCC_WARN_64_TO_32_BIT_CONVERSION = YES;
				GCC_WARN_ABOUT_RETURN_TYPE = YES_ERROR;
				GCC_WARN_UNDECLARED_SELECTOR = YES;
				GCC_WARN_UNINITIALIZED_AUTOS = YES_AGGRESSIVE;
				GCC_WARN_UNUSED_FUNCTION = YES;
				GCC_WARN_UNUSED_VARIABLE = YES;
				IPHONEOS_DEPLOYMENT_TARGET = 10.3;
				MTL_ENABLE_DEBUG_INFO = YES;
				ONLY_ACTIVE_ARCH = YES;
				SDKROOT = iphoneos;
				SWIFT_ACTIVE_COMPILATION_CONDITIONS = DEBUG;
				SWIFT_OPTIMIZATION_LEVEL = "-Onone";
				TARGETED_DEVICE_FAMILY = "1,2";
			};
			name = Debug;
		};
		EBF82ACC1F1F38EF00548CCB /* Release */ = {
			isa = XCBuildConfiguration;
			buildSettings = {
				ALWAYS_SEARCH_USER_PATHS = NO;
				CLANG_ANALYZER_NONNULL = YES;
				CLANG_ANALYZER_NUMBER_OBJECT_CONVERSION = YES_AGGRESSIVE;
				CLANG_CXX_LANGUAGE_STANDARD = "gnu++0x";
				CLANG_CXX_LIBRARY = "libc++";
				CLANG_ENABLE_MODULES = YES;
				CLANG_ENABLE_OBJC_ARC = YES;
				CLANG_WARN_BOOL_CONVERSION = YES;
				CLANG_WARN_CONSTANT_CONVERSION = YES;
				CLANG_WARN_DIRECT_OBJC_ISA_USAGE = YES_ERROR;
				CLANG_WARN_DOCUMENTATION_COMMENTS = YES;
				CLANG_WARN_EMPTY_BODY = YES;
				CLANG_WARN_ENUM_CONVERSION = YES;
				CLANG_WARN_INFINITE_RECURSION = YES;
				CLANG_WARN_INT_CONVERSION = YES;
				CLANG_WARN_OBJC_ROOT_CLASS = YES_ERROR;
				CLANG_WARN_SUSPICIOUS_MOVE = YES;
				CLANG_WARN_UNREACHABLE_CODE = YES;
				CLANG_WARN__DUPLICATE_METHOD_MATCH = YES;
				"CODE_SIGN_IDENTITY[sdk=iphoneos*]" = "iPhone Developer";
				COPY_PHASE_STRIP = NO;
				DEBUG_INFORMATION_FORMAT = "dwarf-with-dsym";
				ENABLE_NS_ASSERTIONS = NO;
				ENABLE_STRICT_OBJC_MSGSEND = YES;
				GCC_C_LANGUAGE_STANDARD = gnu99;
				GCC_NO_COMMON_BLOCKS = YES;
				GCC_WARN_64_TO_32_BIT_CONVERSION = YES;
				GCC_WARN_ABOUT_RETURN_TYPE = YES_ERROR;
				GCC_WARN_UNDECLARED_SELECTOR = YES;
				GCC_WARN_UNINITIALIZED_AUTOS = YES_AGGRESSIVE;
				GCC_WARN_UNUSED_FUNCTION = YES;
				GCC_WARN_UNUSED_VARIABLE = YES;
				IPHONEOS_DEPLOYMENT_TARGET = 10.3;
				MTL_ENABLE_DEBUG_INFO = NO;
				SDKROOT = iphoneos;
				SWIFT_OPTIMIZATION_LEVEL = "-Owholemodule";
				TARGETED_DEVICE_FAMILY = "1,2";
				VALIDATE_PRODUCT = YES;
			};
			name = Release;
		};
		EBF82ACE1F1F38EF00548CCB /* Debug */ = {
			isa = XCBuildConfiguration;
			buildSettings = {
				ASSETCATALOG_COMPILER_APPICON_NAME = AppIcon;
				DEVELOPMENT_TEAM = M59J93TWU7;
				INFOPLIST_FILE = MyMemeMe/Info.plist;
				LD_RUNPATH_SEARCH_PATHS = "$(inherited) @executable_path/Frameworks";
				PRODUCT_BUNDLE_IDENTIFIER = nl.dev66.MyMemeMe;
				PRODUCT_NAME = "$(TARGET_NAME)";
				SWIFT_VERSION = 3.0;
			};
			name = Debug;
		};
		EBF82ACF1F1F38EF00548CCB /* Release */ = {
			isa = XCBuildConfiguration;
			buildSettings = {
				ASSETCATALOG_COMPILER_APPICON_NAME = AppIcon;
				DEVELOPMENT_TEAM = M59J93TWU7;
				INFOPLIST_FILE = MyMemeMe/Info.plist;
				LD_RUNPATH_SEARCH_PATHS = "$(inherited) @executable_path/Frameworks";
				PRODUCT_BUNDLE_IDENTIFIER = nl.dev66.MyMemeMe;
				PRODUCT_NAME = "$(TARGET_NAME)";
				SWIFT_VERSION = 3.0;
			};
			name = Release;
		};
/* End XCBuildConfiguration section */

/* Begin XCConfigurationList section */
		EBF82AB61F1F38EF00548CCB /* Build configuration list for PBXProject "MyMemeMe" */ = {
			isa = XCConfigurationList;
			buildConfigurations = (
				EBF82ACB1F1F38EF00548CCB /* Debug */,
				EBF82ACC1F1F38EF00548CCB /* Release */,
			);
			defaultConfigurationIsVisible = 0;
			defaultConfigurationName = Release;
		};
		EBF82ACD1F1F38EF00548CCB /* Build configuration list for PBXNativeTarget "MyMemeMe" */ = {
			isa = XCConfigurationList;
			buildConfigurations = (
				EBF82ACE1F1F38EF00548CCB /* Debug */,
				EBF82ACF1F1F38EF00548CCB /* Release */,
			);
			defaultConfigurationIsVisible = 0;
			defaultConfigurationName = Release;
		};
/* End XCConfigurationList section */
	};
	rootObject = EBF82AB31F1F38EF00548CCB /* Project object */;
}
